
Microsoft Visual Studio Solution File, Format Version 12.00
# Visual Studio Version 16
VisualStudioVersion = 16.0.30503.244
MinimumVisualStudioVersion = 10.0.40219.1
Project("{9A19103F-16F7-4668-BE54-9A1E7A4F7556}") = "Testing2", "Testing2\Testing2.csproj", "{B4619B50-013C-4F34-954F-DEA4BED37C68}"
EndProject
Global
	GlobalSection(SolutionConfigurationPlatforms) = preSolution
		Debug|Any CPU = Debug|Any CPU
		Release|Any CPU = Release|Any CPU
	EndGlobalSection
	GlobalSection(ProjectConfigurationPlatforms) = postSolution
		{B4619B50-013C-4F34-954F-DEA4BED37C68}.Debug|Any CPU.ActiveCfg = Debug|Any CPU
		{B4619B50-013C-4F34-954F-DEA4BED37C68}.Debug|Any CPU.Build.0 = Debug|Any CPU
		{B4619B50-013C-4F34-954F-DEA4BED37C68}.Release|Any CPU.ActiveCfg = Release|Any CPU
		{B4619B50-013C-4F34-954F-DEA4BED37C68}.Release|Any CPU.Build.0 = Release|Any CPU
	EndGlobalSection
	GlobalSection(SolutionProperties) = preSolution
		HideSolutionNode = FALSE
	EndGlobalSection
	GlobalSection(ExtensibilityGlobals) = postSolution
		SolutionGuid = {BE325D25-1AFC-4256-A685-347147D681BA}
	EndGlobalSection
EndGlobal
